// !$*UTF8*$!
{
	archiveVersion = 1;
	classes = {
	};
	objectVersion = 50;
	objects = {

/* Begin PBXBuildFile section */
		496683B521FAADAE003FBA5B /* UINavigationBar+Clear.swift in Sources */ = {isa = PBXBuildFile; fileRef = 496683B421FAADAE003FBA5B /* UINavigationBar+Clear.swift */; };
		496683B921FAB294003FBA5B /* UIColor+Extensions.swift in Sources */ = {isa = PBXBuildFile; fileRef = 496683B821FAB294003FBA5B /* UIColor+Extensions.swift */; };
		496683BB21FAB2A9003FBA5B /* UIView+Extensions.swift in Sources */ = {isa = PBXBuildFile; fileRef = 496683BA21FAB2A9003FBA5B /* UIView+Extensions.swift */; };
		496683C021FAC662003FBA5B /* HomeTitleViewCell.swift in Sources */ = {isa = PBXBuildFile; fileRef = 496683BE21FAC662003FBA5B /* HomeTitleViewCell.swift */; };
		496683C121FAC662003FBA5B /* HomeTitleViewCell.xib in Resources */ = {isa = PBXBuildFile; fileRef = 496683BF21FAC662003FBA5B /* HomeTitleViewCell.xib */; };
		4998126E21F9D7B4000DB7B2 /* AppDelegate.swift in Sources */ = {isa = PBXBuildFile; fileRef = 4998126D21F9D7B4000DB7B2 /* AppDelegate.swift */; };
		4998127321F9D7B4000DB7B2 /* Main.storyboard in Resources */ = {isa = PBXBuildFile; fileRef = 4998127121F9D7B4000DB7B2 /* Main.storyboard */; };
		4998127621F9D7B4000DB7B2 /* Bodabi.xcdatamodeld in Sources */ = {isa = PBXBuildFile; fileRef = 4998127421F9D7B4000DB7B2 /* Bodabi.xcdatamodeld */; };
		4998127821F9D7B6000DB7B2 /* Assets.xcassets in Resources */ = {isa = PBXBuildFile; fileRef = 4998127721F9D7B6000DB7B2 /* Assets.xcassets */; };
		4998127B21F9D7B6000DB7B2 /* LaunchScreen.storyboard in Resources */ = {isa = PBXBuildFile; fileRef = 4998127921F9D7B6000DB7B2 /* LaunchScreen.storyboard */; };
		4998128A21F9D97E000DB7B2 /* Home.storyboard in Resources */ = {isa = PBXBuildFile; fileRef = 4998128921F9D97E000DB7B2 /* Home.storyboard */; };
		4998128C21F9D98A000DB7B2 /* Friends.storyboard in Resources */ = {isa = PBXBuildFile; fileRef = 4998128B21F9D98A000DB7B2 /* Friends.storyboard */; };
		4998128E21F9D994000DB7B2 /* Notification.storyboard in Resources */ = {isa = PBXBuildFile; fileRef = 4998128D21F9D994000DB7B2 /* Notification.storyboard */; };
		4998129021F9D99C000DB7B2 /* Setting.storyboard in Resources */ = {isa = PBXBuildFile; fileRef = 4998128F21F9D99C000DB7B2 /* Setting.storyboard */; };
		49C084E821FAC9B80060B02C /* HomeViewController.swift in Sources */ = {isa = PBXBuildFile; fileRef = 49C084E721FAC9B80060B02C /* HomeViewController.swift */; };
		49C084EA21FACE260060B02C /* UITableView+Extensions.swift in Sources */ = {isa = PBXBuildFile; fileRef = 49C084E921FACE260060B02C /* UITableView+Extensions.swift */; };
		49C084F121FAD36D0060B02C /* MyHolidaysViewCell.swift in Sources */ = {isa = PBXBuildFile; fileRef = 49C084EF21FAD36D0060B02C /* MyHolidaysViewCell.swift */; };
		49C084F221FAD36D0060B02C /* MyHolidaysViewCell.xib in Resources */ = {isa = PBXBuildFile; fileRef = 49C084F021FAD36D0060B02C /* MyHolidaysViewCell.xib */; };
		49C084FD21FADDBB0060B02C /* HolidayViewCell.swift in Sources */ = {isa = PBXBuildFile; fileRef = 49C084FB21FADDBB0060B02C /* HolidayViewCell.swift */; };
		49C084FE21FADDBB0060B02C /* HolidayViewCell.xib in Resources */ = {isa = PBXBuildFile; fileRef = 49C084FC21FADDBB0060B02C /* HolidayViewCell.xib */; };
		49C0850121FADE640060B02C /* MyHolidayInputViewCell.swift in Sources */ = {isa = PBXBuildFile; fileRef = 49C084FF21FADE640060B02C /* MyHolidayInputViewCell.swift */; };
		49C0850221FADE640060B02C /* MyHolidayInputViewCell.xib in Resources */ = {isa = PBXBuildFile; fileRef = 49C0850021FADE640060B02C /* MyHolidayInputViewCell.xib */; };
		49C0850421FAE1600060B02C /* UICollectionView+Extensions.swift in Sources */ = {isa = PBXBuildFile; fileRef = 49C0850321FAE1600060B02C /* UICollectionView+Extensions.swift */; };
		49C0850721FAF2810060B02C /* UpcomingEventViewCell.swift in Sources */ = {isa = PBXBuildFile; fileRef = 49C0850521FAF2810060B02C /* UpcomingEventViewCell.swift */; };
		49C0850821FAF2810060B02C /* UpcomingEventViewCell.xib in Resources */ = {isa = PBXBuildFile; fileRef = 49C0850621FAF2810060B02C /* UpcomingEventViewCell.xib */; };
		49C0850A21FAF6AA0060B02C /* UIView+Animation.swift in Sources */ = {isa = PBXBuildFile; fileRef = 49C0850921FAF6AA0060B02C /* UIView+Animation.swift */; };
		49C0850C21FB092E0060B02C /* UIStoryboard+Extensions.swift in Sources */ = {isa = PBXBuildFile; fileRef = 49C0850B21FB092E0060B02C /* UIStoryboard+Extensions.swift */; };
		49C0850E21FB10020060B02C /* UIViewController+Storyboard.swift in Sources */ = {isa = PBXBuildFile; fileRef = 49C0850D21FB10020060B02C /* UIViewController+Storyboard.swift */; };
		49C0851021FD8A7F0060B02C /* FriendsViewController.swift in Sources */ = {isa = PBXBuildFile; fileRef = 49C0850F21FD8A7F0060B02C /* FriendsViewController.swift */; };
		49C0851321FD979A0060B02C /* FriendViewCell.swift in Sources */ = {isa = PBXBuildFile; fileRef = 49C0851121FD979A0060B02C /* FriendViewCell.swift */; };
		49C0851421FD979A0060B02C /* FriendViewCell.xib in Resources */ = {isa = PBXBuildFile; fileRef = 49C0851221FD979A0060B02C /* FriendViewCell.xib */; };
		49C0851721FDA8A60060B02C /* FriendsHeaderViewCell.swift in Sources */ = {isa = PBXBuildFile; fileRef = 49C0851521FDA8A60060B02C /* FriendsHeaderViewCell.swift */; };
		49C0851821FDA8A60060B02C /* FriendsHeaderViewCell.xib in Resources */ = {isa = PBXBuildFile; fileRef = 49C0851621FDA8A60060B02C /* FriendsHeaderViewCell.xib */; };
		DBF4CEFD21FAE59B001536A8 /* UIViewController+ActionSheet.swift in Sources */ = {isa = PBXBuildFile; fileRef = DBF4CEF921FAE59B001536A8 /* UIViewController+ActionSheet.swift */; };
		DBF4CEFE21FAE59B001536A8 /* UIViewController+Alert.swift in Sources */ = {isa = PBXBuildFile; fileRef = DBF4CEFA21FAE59B001536A8 /* UIViewController+Alert.swift */; };
		DBF4CF0921FB8452001536A8 /* UIView+InitFromXib.swift in Sources */ = {isa = PBXBuildFile; fileRef = DBF4CF0821FB8452001536A8 /* UIView+InitFromXib.swift */; };
		DBF4CF1921FBE843001536A8 /* Input.storyboard in Resources */ = {isa = PBXBuildFile; fileRef = DBF4CF1821FBE843001536A8 /* Input.storyboard */; };
		DBF4CF2921FC42D7001536A8 /* EntryRoute.swift in Sources */ = {isa = PBXBuildFile; fileRef = DBF4CF2821FC42D7001536A8 /* EntryRoute.swift */; };
		DBF4CF3421FC5405001536A8 /* HolidayInputViewController.swift in Sources */ = {isa = PBXBuildFile; fileRef = DBF4CF3321FC5405001536A8 /* HolidayInputViewController.swift */; };
		DBF4CF3621FC5418001536A8 /* NameInputViewController.swift in Sources */ = {isa = PBXBuildFile; fileRef = DBF4CF3521FC5418001536A8 /* NameInputViewController.swift */; };
		DBF4CF3821FC5429001536A8 /* ItemInputViewController.swift in Sources */ = {isa = PBXBuildFile; fileRef = DBF4CF3721FC5429001536A8 /* ItemInputViewController.swift */; };
		DBF4CF3A21FC5436001536A8 /* DateInputViewController.swift in Sources */ = {isa = PBXBuildFile; fileRef = DBF4CF3921FC5436001536A8 /* DateInputViewController.swift */; };
		DBF4CF3C21FC546B001536A8 /* HolidayInputViewCell.swift in Sources */ = {isa = PBXBuildFile; fileRef = DBF4CF3B21FC546B001536A8 /* HolidayInputViewCell.swift */; };
		DBF4CF4421FCE4F7001536A8 /* UIButton+Animation.swift in Sources */ = {isa = PBXBuildFile; fileRef = DBF4CF4321FCE4F7001536A8 /* UIButton+Animation.swift */; };
		DBF4CF4621FCE511001536A8 /* NSMutableAttributedString+Extension.swift in Sources */ = {isa = PBXBuildFile; fileRef = DBF4CF4521FCE511001536A8 /* NSMutableAttributedString+Extension.swift */; };
		F8367C9621FAC77A00EBA91E /* NSObject+Identifier.swift in Sources */ = {isa = PBXBuildFile; fileRef = F8367C9521FAC77A00EBA91E /* NSObject+Identifier.swift */; };
		F8367C9821FACA9400EBA91E /* FriendHistorySendViewCell.swift in Sources */ = {isa = PBXBuildFile; fileRef = F8367C9721FACA9400EBA91E /* FriendHistorySendViewCell.swift */; };
		F8367C9A21FACC2800EBA91E /* FriendHistoryReceiveViewCell.xib in Resources */ = {isa = PBXBuildFile; fileRef = F8367C9921FACC2800EBA91E /* FriendHistoryReceiveViewCell.xib */; };
		F8367C9C21FAD0EF00EBA91E /* FriendHistorySendViewCell.xib in Resources */ = {isa = PBXBuildFile; fileRef = F8367C9B21FAD0EF00EBA91E /* FriendHistorySendViewCell.xib */; };
		F8367C9F21FAECF200EBA91E /* History.swift in Sources */ = {isa = PBXBuildFile; fileRef = F8367C9E21FAECF200EBA91E /* History.swift */; };
		F8485CF721FA11BB003C935C /* FriendHistory.storyboard in Resources */ = {isa = PBXBuildFile; fileRef = F8485CF621FA11BB003C935C /* FriendHistory.storyboard */; };
		F8485CF921FA176B003C935C /* FriendHistoryViewController.swift in Sources */ = {isa = PBXBuildFile; fileRef = F8485CF821FA176B003C935C /* FriendHistoryViewController.swift */; };
		F8485CFD21FA2CB4003C935C /* FriendHistoryReceiveViewCell.swift in Sources */ = {isa = PBXBuildFile; fileRef = F8485CFC21FA2CB4003C935C /* FriendHistoryReceiveViewCell.swift */; };
/* End PBXBuildFile section */

/* Begin PBXFileReference section */
		496683B421FAADAE003FBA5B /* UINavigationBar+Clear.swift */ = {isa = PBXFileReference; fileEncoding = 4; lastKnownFileType = sourcecode.swift; path = "UINavigationBar+Clear.swift"; sourceTree = "<group>"; };
		496683B821FAB294003FBA5B /* UIColor+Extensions.swift */ = {isa = PBXFileReference; lastKnownFileType = sourcecode.swift; path = "UIColor+Extensions.swift"; sourceTree = "<group>"; };
		496683BA21FAB2A9003FBA5B /* UIView+Extensions.swift */ = {isa = PBXFileReference; lastKnownFileType = sourcecode.swift; path = "UIView+Extensions.swift"; sourceTree = "<group>"; };
		496683BE21FAC662003FBA5B /* HomeTitleViewCell.swift */ = {isa = PBXFileReference; lastKnownFileType = sourcecode.swift; path = HomeTitleViewCell.swift; sourceTree = "<group>"; };
		496683BF21FAC662003FBA5B /* HomeTitleViewCell.xib */ = {isa = PBXFileReference; lastKnownFileType = file.xib; path = HomeTitleViewCell.xib; sourceTree = "<group>"; };
		4998126A21F9D7B4000DB7B2 /* Bodabi.app */ = {isa = PBXFileReference; explicitFileType = wrapper.application; includeInIndex = 0; path = Bodabi.app; sourceTree = BUILT_PRODUCTS_DIR; };
		4998126D21F9D7B4000DB7B2 /* AppDelegate.swift */ = {isa = PBXFileReference; lastKnownFileType = sourcecode.swift; path = AppDelegate.swift; sourceTree = "<group>"; };
		4998127221F9D7B4000DB7B2 /* Base */ = {isa = PBXFileReference; lastKnownFileType = file.storyboard; name = Base; path = Base.lproj/Main.storyboard; sourceTree = "<group>"; };
		4998127521F9D7B4000DB7B2 /* Bodabi.xcdatamodel */ = {isa = PBXFileReference; lastKnownFileType = wrapper.xcdatamodel; path = Bodabi.xcdatamodel; sourceTree = "<group>"; };
		4998127721F9D7B6000DB7B2 /* Assets.xcassets */ = {isa = PBXFileReference; lastKnownFileType = folder.assetcatalog; path = Assets.xcassets; sourceTree = "<group>"; };
		4998127A21F9D7B6000DB7B2 /* Base */ = {isa = PBXFileReference; lastKnownFileType = file.storyboard; name = Base; path = Base.lproj/LaunchScreen.storyboard; sourceTree = "<group>"; };
		4998127C21F9D7B6000DB7B2 /* Info.plist */ = {isa = PBXFileReference; lastKnownFileType = text.plist.xml; path = Info.plist; sourceTree = "<group>"; };
		4998128921F9D97E000DB7B2 /* Home.storyboard */ = {isa = PBXFileReference; lastKnownFileType = file.storyboard; path = Home.storyboard; sourceTree = "<group>"; };
		4998128B21F9D98A000DB7B2 /* Friends.storyboard */ = {isa = PBXFileReference; lastKnownFileType = file.storyboard; path = Friends.storyboard; sourceTree = "<group>"; };
		4998128D21F9D994000DB7B2 /* Notification.storyboard */ = {isa = PBXFileReference; lastKnownFileType = file.storyboard; path = Notification.storyboard; sourceTree = "<group>"; };
		4998128F21F9D99C000DB7B2 /* Setting.storyboard */ = {isa = PBXFileReference; lastKnownFileType = file.storyboard; path = Setting.storyboard; sourceTree = "<group>"; };
		49C084E721FAC9B80060B02C /* HomeViewController.swift */ = {isa = PBXFileReference; lastKnownFileType = sourcecode.swift; path = HomeViewController.swift; sourceTree = "<group>"; };
		49C084E921FACE260060B02C /* UITableView+Extensions.swift */ = {isa = PBXFileReference; lastKnownFileType = sourcecode.swift; path = "UITableView+Extensions.swift"; sourceTree = "<group>"; };
		49C084EF21FAD36D0060B02C /* MyHolidaysViewCell.swift */ = {isa = PBXFileReference; lastKnownFileType = sourcecode.swift; path = MyHolidaysViewCell.swift; sourceTree = "<group>"; };
		49C084F021FAD36D0060B02C /* MyHolidaysViewCell.xib */ = {isa = PBXFileReference; lastKnownFileType = file.xib; path = MyHolidaysViewCell.xib; sourceTree = "<group>"; };
		49C084FB21FADDBB0060B02C /* HolidayViewCell.swift */ = {isa = PBXFileReference; lastKnownFileType = sourcecode.swift; path = HolidayViewCell.swift; sourceTree = "<group>"; };
		49C084FC21FADDBB0060B02C /* HolidayViewCell.xib */ = {isa = PBXFileReference; lastKnownFileType = file.xib; path = HolidayViewCell.xib; sourceTree = "<group>"; };
		49C084FF21FADE640060B02C /* MyHolidayInputViewCell.swift */ = {isa = PBXFileReference; lastKnownFileType = sourcecode.swift; path = MyHolidayInputViewCell.swift; sourceTree = "<group>"; };
		49C0850021FADE640060B02C /* MyHolidayInputViewCell.xib */ = {isa = PBXFileReference; lastKnownFileType = file.xib; path = MyHolidayInputViewCell.xib; sourceTree = "<group>"; };
		49C0850321FAE1600060B02C /* UICollectionView+Extensions.swift */ = {isa = PBXFileReference; lastKnownFileType = sourcecode.swift; path = "UICollectionView+Extensions.swift"; sourceTree = "<group>"; };
		49C0850521FAF2810060B02C /* UpcomingEventViewCell.swift */ = {isa = PBXFileReference; lastKnownFileType = sourcecode.swift; path = UpcomingEventViewCell.swift; sourceTree = "<group>"; };
		49C0850621FAF2810060B02C /* UpcomingEventViewCell.xib */ = {isa = PBXFileReference; lastKnownFileType = file.xib; path = UpcomingEventViewCell.xib; sourceTree = "<group>"; };
		49C0850921FAF6AA0060B02C /* UIView+Animation.swift */ = {isa = PBXFileReference; lastKnownFileType = sourcecode.swift; path = "UIView+Animation.swift"; sourceTree = "<group>"; };
		49C0850B21FB092E0060B02C /* UIStoryboard+Extensions.swift */ = {isa = PBXFileReference; lastKnownFileType = sourcecode.swift; path = "UIStoryboard+Extensions.swift"; sourceTree = "<group>"; };
		49C0850D21FB10020060B02C /* UIViewController+Storyboard.swift */ = {isa = PBXFileReference; lastKnownFileType = sourcecode.swift; path = "UIViewController+Storyboard.swift"; sourceTree = "<group>"; };
		49C0850F21FD8A7F0060B02C /* FriendsViewController.swift */ = {isa = PBXFileReference; lastKnownFileType = sourcecode.swift; path = FriendsViewController.swift; sourceTree = "<group>"; };
		49C0851121FD979A0060B02C /* FriendViewCell.swift */ = {isa = PBXFileReference; lastKnownFileType = sourcecode.swift; path = FriendViewCell.swift; sourceTree = "<group>"; };
		49C0851221FD979A0060B02C /* FriendViewCell.xib */ = {isa = PBXFileReference; lastKnownFileType = file.xib; path = FriendViewCell.xib; sourceTree = "<group>"; };
		49C0851521FDA8A60060B02C /* FriendsHeaderViewCell.swift */ = {isa = PBXFileReference; lastKnownFileType = sourcecode.swift; path = FriendsHeaderViewCell.swift; sourceTree = "<group>"; };
		49C0851621FDA8A60060B02C /* FriendsHeaderViewCell.xib */ = {isa = PBXFileReference; lastKnownFileType = file.xib; path = FriendsHeaderViewCell.xib; sourceTree = "<group>"; };
		DBF4CEF921FAE59B001536A8 /* UIViewController+ActionSheet.swift */ = {isa = PBXFileReference; fileEncoding = 4; lastKnownFileType = sourcecode.swift; path = "UIViewController+ActionSheet.swift"; sourceTree = "<group>"; };
		DBF4CEFA21FAE59B001536A8 /* UIViewController+Alert.swift */ = {isa = PBXFileReference; fileEncoding = 4; lastKnownFileType = sourcecode.swift; path = "UIViewController+Alert.swift"; sourceTree = "<group>"; };
		DBF4CF0821FB8452001536A8 /* UIView+InitFromXib.swift */ = {isa = PBXFileReference; lastKnownFileType = sourcecode.swift; path = "UIView+InitFromXib.swift"; sourceTree = "<group>"; };
		DBF4CF1821FBE843001536A8 /* Input.storyboard */ = {isa = PBXFileReference; lastKnownFileType = file.storyboard; path = Input.storyboard; sourceTree = "<group>"; };
		DBF4CF2821FC42D7001536A8 /* EntryRoute.swift */ = {isa = PBXFileReference; lastKnownFileType = sourcecode.swift; path = EntryRoute.swift; sourceTree = "<group>"; };
		DBF4CF3321FC5405001536A8 /* HolidayInputViewController.swift */ = {isa = PBXFileReference; lastKnownFileType = sourcecode.swift; path = HolidayInputViewController.swift; sourceTree = "<group>"; };
		DBF4CF3521FC5418001536A8 /* NameInputViewController.swift */ = {isa = PBXFileReference; lastKnownFileType = sourcecode.swift; path = NameInputViewController.swift; sourceTree = "<group>"; };
		DBF4CF3721FC5429001536A8 /* ItemInputViewController.swift */ = {isa = PBXFileReference; lastKnownFileType = sourcecode.swift; path = ItemInputViewController.swift; sourceTree = "<group>"; };
		DBF4CF3921FC5436001536A8 /* DateInputViewController.swift */ = {isa = PBXFileReference; lastKnownFileType = sourcecode.swift; path = DateInputViewController.swift; sourceTree = "<group>"; };
		DBF4CF3B21FC546B001536A8 /* HolidayInputViewCell.swift */ = {isa = PBXFileReference; lastKnownFileType = sourcecode.swift; path = HolidayInputViewCell.swift; sourceTree = "<group>"; };
		DBF4CF4321FCE4F7001536A8 /* UIButton+Animation.swift */ = {isa = PBXFileReference; lastKnownFileType = sourcecode.swift; path = "UIButton+Animation.swift"; sourceTree = "<group>"; };
		DBF4CF4521FCE511001536A8 /* NSMutableAttributedString+Extension.swift */ = {isa = PBXFileReference; lastKnownFileType = sourcecode.swift; path = "NSMutableAttributedString+Extension.swift"; sourceTree = "<group>"; };
		F8367C9521FAC77A00EBA91E /* NSObject+Identifier.swift */ = {isa = PBXFileReference; lastKnownFileType = sourcecode.swift; path = "NSObject+Identifier.swift"; sourceTree = "<group>"; };
		F8367C9721FACA9400EBA91E /* FriendHistorySendViewCell.swift */ = {isa = PBXFileReference; lastKnownFileType = sourcecode.swift; path = FriendHistorySendViewCell.swift; sourceTree = "<group>"; };
		F8367C9921FACC2800EBA91E /* FriendHistoryReceiveViewCell.xib */ = {isa = PBXFileReference; lastKnownFileType = file.xib; path = FriendHistoryReceiveViewCell.xib; sourceTree = "<group>"; };
		F8367C9B21FAD0EF00EBA91E /* FriendHistorySendViewCell.xib */ = {isa = PBXFileReference; fileEncoding = 4; lastKnownFileType = file.xib; path = FriendHistorySendViewCell.xib; sourceTree = "<group>"; };
		F8367C9E21FAECF200EBA91E /* History.swift */ = {isa = PBXFileReference; fileEncoding = 4; lastKnownFileType = sourcecode.swift; path = History.swift; sourceTree = "<group>"; };
		F8485CF621FA11BB003C935C /* FriendHistory.storyboard */ = {isa = PBXFileReference; lastKnownFileType = file.storyboard; path = FriendHistory.storyboard; sourceTree = "<group>"; };
		F8485CF821FA176B003C935C /* FriendHistoryViewController.swift */ = {isa = PBXFileReference; lastKnownFileType = sourcecode.swift; path = FriendHistoryViewController.swift; sourceTree = "<group>"; };
		F8485CFC21FA2CB4003C935C /* FriendHistoryReceiveViewCell.swift */ = {isa = PBXFileReference; lastKnownFileType = sourcecode.swift; path = FriendHistoryReceiveViewCell.swift; sourceTree = "<group>"; };
/* End PBXFileReference section */

/* Begin PBXFrameworksBuildPhase section */
		4998126721F9D7B4000DB7B2 /* Frameworks */ = {
			isa = PBXFrameworksBuildPhase;
			buildActionMask = 2147483647;
			files = (
			);
			runOnlyForDeploymentPostprocessing = 0;
		};
/* End PBXFrameworksBuildPhase section */

/* Begin PBXGroup section */
		4998126121F9D7B4000DB7B2 = {
			isa = PBXGroup;
			children = (
				4998126C21F9D7B4000DB7B2 /* Bodabi */,
				4998126B21F9D7B4000DB7B2 /* Products */,
			);
			sourceTree = "<group>";
		};
		4998126B21F9D7B4000DB7B2 /* Products */ = {
			isa = PBXGroup;
			children = (
				4998126A21F9D7B4000DB7B2 /* Bodabi.app */,
			);
			name = Products;
			sourceTree = "<group>";
		};
		4998126C21F9D7B4000DB7B2 /* Bodabi */ = {
			isa = PBXGroup;
			children = (
				4998126D21F9D7B4000DB7B2 /* AppDelegate.swift */,
				4998128521F9D854000DB7B2 /* Views */,
				4998128421F9D853000DB7B2 /* Models */,
				4998128321F9D852000DB7B2 /* Services */,
				4998128621F9D880000DB7B2 /* Utils */,
				4998128221F9D851000DB7B2 /* Supporting Files */,
			);
			path = Bodabi;
			sourceTree = "<group>";
		};
		4998128221F9D851000DB7B2 /* Supporting Files */ = {
			isa = PBXGroup;
			children = (
				4998127921F9D7B6000DB7B2 /* LaunchScreen.storyboard */,
				4998127721F9D7B6000DB7B2 /* Assets.xcassets */,
				4998127C21F9D7B6000DB7B2 /* Info.plist */,
			);
			path = "Supporting Files";
			sourceTree = "<group>";
		};
		4998128321F9D852000DB7B2 /* Services */ = {
			isa = PBXGroup;
			children = (
			);
			path = Services;
			sourceTree = "<group>";
		};
		4998128421F9D853000DB7B2 /* Models */ = {
			isa = PBXGroup;
			children = (
				F8367C9E21FAECF200EBA91E /* History.swift */,
				4998127421F9D7B4000DB7B2 /* Bodabi.xcdatamodeld */,
			);
			path = Models;
			sourceTree = "<group>";
		};
		4998128521F9D854000DB7B2 /* Views */ = {
			isa = PBXGroup;
			children = (
				4998128721F9D8CD000DB7B2 /* Storyboards */,
				DBF4CF1A21FBE8C3001536A8 /* Input */,
				DBF4CF0621FB0B31001536A8 /* Home */,
				DBF4CF0721FB0C44001536A8 /* FriendHistory */,
				DBF4CF0521FB0B30001536A8 /* Friends */,
				DBF4CF0421FB0B2F001536A8 /* Notification */,
				DBF4CF0321FB0B2D001536A8 /* Setting */,
			);
			path = Views;
			sourceTree = "<group>";
		};
		4998128621F9D880000DB7B2 /* Utils */ = {
			isa = PBXGroup;
			children = (
				4998128821F9D8F6000DB7B2 /* Extensions */,
			);
			path = Utils;
			sourceTree = "<group>";
		};
		4998128721F9D8CD000DB7B2 /* Storyboards */ = {
			isa = PBXGroup;
			children = (
				4998127121F9D7B4000DB7B2 /* Main.storyboard */,
				4998128921F9D97E000DB7B2 /* Home.storyboard */,
				4998128B21F9D98A000DB7B2 /* Friends.storyboard */,
				4998128D21F9D994000DB7B2 /* Notification.storyboard */,
				4998128F21F9D99C000DB7B2 /* Setting.storyboard */,
				F8485CF621FA11BB003C935C /* FriendHistory.storyboard */,
				DBF4CF1821FBE843001536A8 /* Input.storyboard */,
			);
			path = Storyboards;
			sourceTree = "<group>";
		};
		4998128821F9D8F6000DB7B2 /* Extensions */ = {
			isa = PBXGroup;
			children = (
				496683B821FAB294003FBA5B /* UIColor+Extensions.swift */,
				F8367C9521FAC77A00EBA91E /* NSObject+Identifier.swift */,
				49C0850B21FB092E0060B02C /* UIStoryboard+Extensions.swift */,
				496683B421FAADAE003FBA5B /* UINavigationBar+Clear.swift */,
				DBF4CEFA21FAE59B001536A8 /* UIViewController+Alert.swift */,
				DBF4CEF921FAE59B001536A8 /* UIViewController+ActionSheet.swift */,
				49C0850D21FB10020060B02C /* UIViewController+Storyboard.swift */,
				496683BA21FAB2A9003FBA5B /* UIView+Extensions.swift */,
				49C0850921FAF6AA0060B02C /* UIView+Animation.swift */,
				DBF4CF0821FB8452001536A8 /* UIView+InitFromXib.swift */,
				49C084E921FACE260060B02C /* UITableView+Extensions.swift */,
				49C0850321FAE1600060B02C /* UICollectionView+Extensions.swift */,
				DBF4CF4321FCE4F7001536A8 /* UIButton+Animation.swift */,
				DBF4CF4521FCE511001536A8 /* NSMutableAttributedString+Extension.swift */,
			);
			path = Extensions;
			sourceTree = "<group>";
		};
		DBF4CF0321FB0B2D001536A8 /* Setting */ = {
			isa = PBXGroup;
			children = (
			);
			path = Setting;
			sourceTree = "<group>";
		};
		DBF4CF0421FB0B2F001536A8 /* Notification */ = {
			isa = PBXGroup;
			children = (
			);
			path = Notification;
			sourceTree = "<group>";
		};
		DBF4CF0521FB0B30001536A8 /* Friends */ = {
			isa = PBXGroup;
			children = (
				49C0850F21FD8A7F0060B02C /* FriendsViewController.swift */,
				49C0851621FDA8A60060B02C /* FriendsHeaderViewCell.xib */,
				49C0851521FDA8A60060B02C /* FriendsHeaderViewCell.swift */,
				49C0851221FD979A0060B02C /* FriendViewCell.xib */,
				49C0851121FD979A0060B02C /* FriendViewCell.swift */,
			);
			name = Friends;
			path = Setting;
			sourceTree = "<group>";
		};
		DBF4CF0621FB0B31001536A8 /* Home */ = {
			isa = PBXGroup;
			children = (
				49C084E721FAC9B80060B02C /* HomeViewController.swift */,
				496683BF21FAC662003FBA5B /* HomeTitleViewCell.xib */,
				496683BE21FAC662003FBA5B /* HomeTitleViewCell.swift */,
				49C084F021FAD36D0060B02C /* MyHolidaysViewCell.xib */,
				49C084EF21FAD36D0060B02C /* MyHolidaysViewCell.swift */,
				49C0850621FAF2810060B02C /* UpcomingEventViewCell.xib */,
				49C0850521FAF2810060B02C /* UpcomingEventViewCell.swift */,
				49C084FC21FADDBB0060B02C /* HolidayViewCell.xib */,
				49C084FB21FADDBB0060B02C /* HolidayViewCell.swift */,
				49C0850021FADE640060B02C /* MyHolidayInputViewCell.xib */,
				49C084FF21FADE640060B02C /* MyHolidayInputViewCell.swift */,
			);
			path = Home;
			sourceTree = "<group>";
		};
		DBF4CF0721FB0C44001536A8 /* FriendHistory */ = {
			isa = PBXGroup;
			children = (
				F8485CF821FA176B003C935C /* FriendHistoryViewController.swift */,
				F8367C9921FACC2800EBA91E /* FriendHistoryReceiveViewCell.xib */,
				F8485CFC21FA2CB4003C935C /* FriendHistoryReceiveViewCell.swift */,
				F8367C9B21FAD0EF00EBA91E /* FriendHistorySendViewCell.xib */,
				F8367C9721FACA9400EBA91E /* FriendHistorySendViewCell.swift */,
			);
			path = FriendHistory;
			sourceTree = "<group>";
		};
		DBF4CF1A21FBE8C3001536A8 /* Input */ = {
			isa = PBXGroup;
			children = (
				DBF4CF2821FC42D7001536A8 /* EntryRoute.swift */,
				DBF4CF3221FC5269001536A8 /* Holiday */,
				DBF4CF3121FC5268001536A8 /* Name */,
				DBF4CF3021FC5267001536A8 /* Item */,
				DBF4CF2F21FC5265001536A8 /* Date */,
			);
			path = Input;
			sourceTree = "<group>";
		};
		DBF4CF2F21FC5265001536A8 /* Date */ = {
			isa = PBXGroup;
			children = (
				DBF4CF3921FC5436001536A8 /* DateInputViewController.swift */,
			);
			path = Date;
			sourceTree = "<group>";
		};
		DBF4CF3021FC5267001536A8 /* Item */ = {
			isa = PBXGroup;
			children = (
				DBF4CF3721FC5429001536A8 /* ItemInputViewController.swift */,
			);
			path = Item;
			sourceTree = "<group>";
		};
		DBF4CF3121FC5268001536A8 /* Name */ = {
			isa = PBXGroup;
			children = (
				DBF4CF3521FC5418001536A8 /* NameInputViewController.swift */,
			);
			path = Name;
			sourceTree = "<group>";
		};
		DBF4CF3221FC5269001536A8 /* Holiday */ = {
			isa = PBXGroup;
			children = (
				DBF4CF3321FC5405001536A8 /* HolidayInputViewController.swift */,
				DBF4CF3B21FC546B001536A8 /* HolidayInputViewCell.swift */,
			);
			path = Holiday;
			sourceTree = "<group>";
		};
/* End PBXGroup section */

/* Begin PBXNativeTarget section */
		4998126921F9D7B4000DB7B2 /* Bodabi */ = {
			isa = PBXNativeTarget;
			buildConfigurationList = 4998127F21F9D7B6000DB7B2 /* Build configuration list for PBXNativeTarget "Bodabi" */;
			buildPhases = (
				4998126621F9D7B4000DB7B2 /* Sources */,
				4998126721F9D7B4000DB7B2 /* Frameworks */,
				4998126821F9D7B4000DB7B2 /* Resources */,
			);
			buildRules = (
			);
			dependencies = (
			);
			name = Bodabi;
			productName = Bodabi;
			productReference = 4998126A21F9D7B4000DB7B2 /* Bodabi.app */;
			productType = "com.apple.product-type.application";
		};
/* End PBXNativeTarget section */

/* Begin PBXProject section */
		4998126221F9D7B4000DB7B2 /* Project object */ = {
			isa = PBXProject;
			attributes = {
				LastSwiftUpdateCheck = 1010;
				LastUpgradeCheck = 1010;
				ORGANIZATIONNAME = LeeHyeJin;
				TargetAttributes = {
					4998126921F9D7B4000DB7B2 = {
						CreatedOnToolsVersion = 10.1;
					};
				};
			};
			buildConfigurationList = 4998126521F9D7B4000DB7B2 /* Build configuration list for PBXProject "Bodabi" */;
			compatibilityVersion = "Xcode 9.3";
			developmentRegion = en;
			hasScannedForEncodings = 0;
			knownRegions = (
				en,
				Base,
			);
			mainGroup = 4998126121F9D7B4000DB7B2;
			productRefGroup = 4998126B21F9D7B4000DB7B2 /* Products */;
			projectDirPath = "";
			projectRoot = "";
			targets = (
				4998126921F9D7B4000DB7B2 /* Bodabi */,
			);
		};
/* End PBXProject section */

/* Begin PBXResourcesBuildPhase section */
		4998126821F9D7B4000DB7B2 /* Resources */ = {
			isa = PBXResourcesBuildPhase;
			buildActionMask = 2147483647;
			files = (
				F8367C9A21FACC2800EBA91E /* FriendHistoryReceiveViewCell.xib in Resources */,
				4998127B21F9D7B6000DB7B2 /* LaunchScreen.storyboard in Resources */,
				F8485CF721FA11BB003C935C /* FriendHistory.storyboard in Resources */,
				F8367C9C21FAD0EF00EBA91E /* FriendHistorySendViewCell.xib in Resources */,
				4998128C21F9D98A000DB7B2 /* Friends.storyboard in Resources */,
				49C0850221FADE640060B02C /* MyHolidayInputViewCell.xib in Resources */,
				49C084FE21FADDBB0060B02C /* HolidayViewCell.xib in Resources */,
				DBF4CF1921FBE843001536A8 /* Input.storyboard in Resources */,
				4998129021F9D99C000DB7B2 /* Setting.storyboard in Resources */,
				49C0851821FDA8A60060B02C /* FriendsHeaderViewCell.xib in Resources */,
				49C0850821FAF2810060B02C /* UpcomingEventViewCell.xib in Resources */,
				4998127821F9D7B6000DB7B2 /* Assets.xcassets in Resources */,
				49C0851421FD979A0060B02C /* FriendViewCell.xib in Resources */,
				496683C121FAC662003FBA5B /* HomeTitleViewCell.xib in Resources */,
				4998127321F9D7B4000DB7B2 /* Main.storyboard in Resources */,
				4998128A21F9D97E000DB7B2 /* Home.storyboard in Resources */,
				4998128E21F9D994000DB7B2 /* Notification.storyboard in Resources */,
				49C084F221FAD36D0060B02C /* MyHolidaysViewCell.xib in Resources */,
			);
			runOnlyForDeploymentPostprocessing = 0;
		};
/* End PBXResourcesBuildPhase section */

/* Begin PBXSourcesBuildPhase section */
		4998126621F9D7B4000DB7B2 /* Sources */ = {
			isa = PBXSourcesBuildPhase;
			buildActionMask = 2147483647;
			files = (
				DBF4CEFE21FAE59B001536A8 /* UIViewController+Alert.swift in Sources */,
				496683BB21FAB2A9003FBA5B /* UIView+Extensions.swift in Sources */,
				F8367C9F21FAECF200EBA91E /* History.swift in Sources */,
				4998127621F9D7B4000DB7B2 /* Bodabi.xcdatamodeld in Sources */,
				49C0851321FD979A0060B02C /* FriendViewCell.swift in Sources */,
				DBF4CF4421FCE4F7001536A8 /* UIButton+Animation.swift in Sources */,
				496683B921FAB294003FBA5B /* UIColor+Extensions.swift in Sources */,
				DBF4CF3A21FC5436001536A8 /* DateInputViewController.swift in Sources */,
				F8367C9621FAC77A00EBA91E /* NSObject+Identifier.swift in Sources */,
				DBF4CEFD21FAE59B001536A8 /* UIViewController+ActionSheet.swift in Sources */,
				496683C021FAC662003FBA5B /* HomeTitleViewCell.swift in Sources */,
				DBF4CF3621FC5418001536A8 /* NameInputViewController.swift in Sources */,
				496683BB21FAB2A9003FBA5B /* UIView+Extensions.swift in Sources */,
				4998127621F9D7B4000DB7B2 /* Bodabi.xcdatamodeld in Sources */,
				49C084EA21FACE260060B02C /* UITableView+Extensions.swift in Sources */,
				49C0850E21FB10020060B02C /* UIViewController+Storyboard.swift in Sources */,
				49C084FD21FADDBB0060B02C /* HolidayViewCell.swift in Sources */,
				496683B921FAB294003FBA5B /* UIColor+Extensions.swift in Sources */,
				49C0850721FAF2810060B02C /* UpcomingEventViewCell.swift in Sources */,
				4998126E21F9D7B4000DB7B2 /* AppDelegate.swift in Sources */,
				49C084F121FAD36D0060B02C /* MyHolidaysViewCell.swift in Sources */,
				49C084E821FAC9B80060B02C /* HomeViewController.swift in Sources */,
				DBF4CF0921FB8452001536A8 /* UIView+InitFromXib.swift in Sources */,
				DBF4CF3821FC5429001536A8 /* ItemInputViewController.swift in Sources */,
				49C0850C21FB092E0060B02C /* UIStoryboard+Extensions.swift in Sources */,
				49C0850421FAE1600060B02C /* UICollectionView+Extensions.swift in Sources */,
				49C0850A21FAF6AA0060B02C /* UIView+Animation.swift in Sources */,
				DBF4CF2921FC42D7001536A8 /* EntryRoute.swift in Sources */,
				49C0850121FADE640060B02C /* MyHolidayInputViewCell.swift in Sources */,
				49C0851021FD8A7F0060B02C /* FriendsViewController.swift in Sources */,
				496683B521FAADAE003FBA5B /* UINavigationBar+Clear.swift in Sources */,
				F8485CFD21FA2CB4003C935C /* FriendHistoryReceiveViewCell.swift in Sources */,
				F8485CF921FA176B003C935C /* FriendHistoryViewController.swift in Sources */,
				DBF4CF3421FC5405001536A8 /* HolidayInputViewController.swift in Sources */,
				DBF4CF4621FCE511001536A8 /* NSMutableAttributedString+Extension.swift in Sources */,
				DBF4CF3C21FC546B001536A8 /* HolidayInputViewCell.swift in Sources */,
				F8367C9821FACA9400EBA91E /* FriendHistorySendViewCell.swift in Sources */,
				49C0851721FDA8A60060B02C /* FriendsHeaderViewCell.swift in Sources */,
			);
			runOnlyForDeploymentPostprocessing = 0;
		};
/* End PBXSourcesBuildPhase section */

/* Begin PBXVariantGroup section */
		4998127121F9D7B4000DB7B2 /* Main.storyboard */ = {
			isa = PBXVariantGroup;
			children = (
				4998127221F9D7B4000DB7B2 /* Base */,
			);
			name = Main.storyboard;
			sourceTree = "<group>";
		};
		4998127921F9D7B6000DB7B2 /* LaunchScreen.storyboard */ = {
			isa = PBXVariantGroup;
			children = (
				4998127A21F9D7B6000DB7B2 /* Base */,
			);
			name = LaunchScreen.storyboard;
			sourceTree = "<group>";
		};
/* End PBXVariantGroup section */

/* Begin XCBuildConfiguration section */
		4998127D21F9D7B6000DB7B2 /* Debug */ = {
			isa = XCBuildConfiguration;
			buildSettings = {
				ALWAYS_SEARCH_USER_PATHS = NO;
				CLANG_ANALYZER_NONNULL = YES;
				CLANG_ANALYZER_NUMBER_OBJECT_CONVERSION = YES_AGGRESSIVE;
				CLANG_CXX_LANGUAGE_STANDARD = "gnu++14";
				CLANG_CXX_LIBRARY = "libc++";
				CLANG_ENABLE_MODULES = YES;
				CLANG_ENABLE_OBJC_ARC = YES;
				CLANG_ENABLE_OBJC_WEAK = YES;
				CLANG_WARN_BLOCK_CAPTURE_AUTORELEASING = YES;
				CLANG_WARN_BOOL_CONVERSION = YES;
				CLANG_WARN_COMMA = YES;
				CLANG_WARN_CONSTANT_CONVERSION = YES;
				CLANG_WARN_DEPRECATED_OBJC_IMPLEMENTATIONS = YES;
				CLANG_WARN_DIRECT_OBJC_ISA_USAGE = YES_ERROR;
				CLANG_WARN_DOCUMENTATION_COMMENTS = YES;
				CLANG_WARN_EMPTY_BODY = YES;
				CLANG_WARN_ENUM_CONVERSION = YES;
				CLANG_WARN_INFINITE_RECURSION = YES;
				CLANG_WARN_INT_CONVERSION = YES;
				CLANG_WARN_NON_LITERAL_NULL_CONVERSION = YES;
				CLANG_WARN_OBJC_IMPLICIT_RETAIN_SELF = YES;
				CLANG_WARN_OBJC_LITERAL_CONVERSION = YES;
				CLANG_WARN_OBJC_ROOT_CLASS = YES_ERROR;
				CLANG_WARN_RANGE_LOOP_ANALYSIS = YES;
				CLANG_WARN_STRICT_PROTOTYPES = YES;
				CLANG_WARN_SUSPICIOUS_MOVE = YES;
				CLANG_WARN_UNGUARDED_AVAILABILITY = YES_AGGRESSIVE;
				CLANG_WARN_UNREACHABLE_CODE = YES;
				CLANG_WARN__DUPLICATE_METHOD_MATCH = YES;
				CODE_SIGN_IDENTITY = "iPhone Developer";
				COPY_PHASE_STRIP = NO;
				DEBUG_INFORMATION_FORMAT = dwarf;
				ENABLE_STRICT_OBJC_MSGSEND = YES;
				ENABLE_TESTABILITY = YES;
				GCC_C_LANGUAGE_STANDARD = gnu11;
				GCC_DYNAMIC_NO_PIC = NO;
				GCC_NO_COMMON_BLOCKS = YES;
				GCC_OPTIMIZATION_LEVEL = 0;
				GCC_PREPROCESSOR_DEFINITIONS = (
					"DEBUG=1",
					"$(inherited)",
				);
				GCC_WARN_64_TO_32_BIT_CONVERSION = YES;
				GCC_WARN_ABOUT_RETURN_TYPE = YES_ERROR;
				GCC_WARN_UNDECLARED_SELECTOR = YES;
				GCC_WARN_UNINITIALIZED_AUTOS = YES_AGGRESSIVE;
				GCC_WARN_UNUSED_FUNCTION = YES;
				GCC_WARN_UNUSED_VARIABLE = YES;
				IPHONEOS_DEPLOYMENT_TARGET = 12.1;
				MTL_ENABLE_DEBUG_INFO = INCLUDE_SOURCE;
				MTL_FAST_MATH = YES;
				ONLY_ACTIVE_ARCH = YES;
				SDKROOT = iphoneos;
				SWIFT_ACTIVE_COMPILATION_CONDITIONS = DEBUG;
				SWIFT_OPTIMIZATION_LEVEL = "-Onone";
			};
			name = Debug;
		};
		4998127E21F9D7B6000DB7B2 /* Release */ = {
			isa = XCBuildConfiguration;
			buildSettings = {
				ALWAYS_SEARCH_USER_PATHS = NO;
				CLANG_ANALYZER_NONNULL = YES;
				CLANG_ANALYZER_NUMBER_OBJECT_CONVERSION = YES_AGGRESSIVE;
				CLANG_CXX_LANGUAGE_STANDARD = "gnu++14";
				CLANG_CXX_LIBRARY = "libc++";
				CLANG_ENABLE_MODULES = YES;
				CLANG_ENABLE_OBJC_ARC = YES;
				CLANG_ENABLE_OBJC_WEAK = YES;
				CLANG_WARN_BLOCK_CAPTURE_AUTORELEASING = YES;
				CLANG_WARN_BOOL_CONVERSION = YES;
				CLANG_WARN_COMMA = YES;
				CLANG_WARN_CONSTANT_CONVERSION = YES;
				CLANG_WARN_DEPRECATED_OBJC_IMPLEMENTATIONS = YES;
				CLANG_WARN_DIRECT_OBJC_ISA_USAGE = YES_ERROR;
				CLANG_WARN_DOCUMENTATION_COMMENTS = YES;
				CLANG_WARN_EMPTY_BODY = YES;
				CLANG_WARN_ENUM_CONVERSION = YES;
				CLANG_WARN_INFINITE_RECURSION = YES;
				CLANG_WARN_INT_CONVERSION = YES;
				CLANG_WARN_NON_LITERAL_NULL_CONVERSION = YES;
				CLANG_WARN_OBJC_IMPLICIT_RETAIN_SELF = YES;
				CLANG_WARN_OBJC_LITERAL_CONVERSION = YES;
				CLANG_WARN_OBJC_ROOT_CLASS = YES_ERROR;
				CLANG_WARN_RANGE_LOOP_ANALYSIS = YES;
				CLANG_WARN_STRICT_PROTOTYPES = YES;
				CLANG_WARN_SUSPICIOUS_MOVE = YES;
				CLANG_WARN_UNGUARDED_AVAILABILITY = YES_AGGRESSIVE;
				CLANG_WARN_UNREACHABLE_CODE = YES;
				CLANG_WARN__DUPLICATE_METHOD_MATCH = YES;
				CODE_SIGN_IDENTITY = "iPhone Developer";
				COPY_PHASE_STRIP = NO;
				DEBUG_INFORMATION_FORMAT = "dwarf-with-dsym";
				ENABLE_NS_ASSERTIONS = NO;
				ENABLE_STRICT_OBJC_MSGSEND = YES;
				GCC_C_LANGUAGE_STANDARD = gnu11;
				GCC_NO_COMMON_BLOCKS = YES;
				GCC_WARN_64_TO_32_BIT_CONVERSION = YES;
				GCC_WARN_ABOUT_RETURN_TYPE = YES_ERROR;
				GCC_WARN_UNDECLARED_SELECTOR = YES;
				GCC_WARN_UNINITIALIZED_AUTOS = YES_AGGRESSIVE;
				GCC_WARN_UNUSED_FUNCTION = YES;
				GCC_WARN_UNUSED_VARIABLE = YES;
				IPHONEOS_DEPLOYMENT_TARGET = 12.1;
				MTL_ENABLE_DEBUG_INFO = NO;
				MTL_FAST_MATH = YES;
				SDKROOT = iphoneos;
				SWIFT_COMPILATION_MODE = wholemodule;
				SWIFT_OPTIMIZATION_LEVEL = "-O";
				VALIDATE_PRODUCT = YES;
			};
			name = Release;
		};
		4998128021F9D7B6000DB7B2 /* Debug */ = {
			isa = XCBuildConfiguration;
			buildSettings = {
				ASSETCATALOG_COMPILER_APPICON_NAME = AppIcon;
				CODE_SIGN_STYLE = Automatic;
				DEVELOPMENT_TEAM = "";
				INFOPLIST_FILE = "$(SRCROOT)/Bodabi/Supporting Files/Info.plist";
				LD_RUNPATH_SEARCH_PATHS = (
					"$(inherited)",
					"@executable_path/Frameworks",
				);
				PRODUCT_BUNDLE_IDENTIFIER = com.teamB2.Bodabi;
				PRODUCT_NAME = "$(TARGET_NAME)";
				SWIFT_VERSION = 4.2;
				TARGETED_DEVICE_FAMILY = "1,2";
			};
			name = Debug;
		};
		4998128121F9D7B6000DB7B2 /* Release */ = {
			isa = XCBuildConfiguration;
			buildSettings = {
				ASSETCATALOG_COMPILER_APPICON_NAME = AppIcon;
				CODE_SIGN_STYLE = Automatic;
				DEVELOPMENT_TEAM = "";
				INFOPLIST_FILE = "$(SRCROOT)/Bodabi/Supporting Files/Info.plist";
				LD_RUNPATH_SEARCH_PATHS = (
					"$(inherited)",
					"@executable_path/Frameworks",
				);
				PRODUCT_BUNDLE_IDENTIFIER = com.teamB2.Bodabi;
				PRODUCT_NAME = "$(TARGET_NAME)";
				SWIFT_VERSION = 4.2;
				TARGETED_DEVICE_FAMILY = "1,2";
			};
			name = Release;
		};
/* End XCBuildConfiguration section */

/* Begin XCConfigurationList section */
		4998126521F9D7B4000DB7B2 /* Build configuration list for PBXProject "Bodabi" */ = {
			isa = XCConfigurationList;
			buildConfigurations = (
				4998127D21F9D7B6000DB7B2 /* Debug */,
				4998127E21F9D7B6000DB7B2 /* Release */,
			);
			defaultConfigurationIsVisible = 0;
			defaultConfigurationName = Release;
		};
		4998127F21F9D7B6000DB7B2 /* Build configuration list for PBXNativeTarget "Bodabi" */ = {
			isa = XCConfigurationList;
			buildConfigurations = (
				4998128021F9D7B6000DB7B2 /* Debug */,
				4998128121F9D7B6000DB7B2 /* Release */,
			);
			defaultConfigurationIsVisible = 0;
			defaultConfigurationName = Release;
		};
/* End XCConfigurationList section */

/* Begin XCVersionGroup section */
		4998127421F9D7B4000DB7B2 /* Bodabi.xcdatamodeld */ = {
			isa = XCVersionGroup;
			children = (
				4998127521F9D7B4000DB7B2 /* Bodabi.xcdatamodel */,
			);
			currentVersion = 4998127521F9D7B4000DB7B2 /* Bodabi.xcdatamodel */;
			path = Bodabi.xcdatamodeld;
			sourceTree = "<group>";
			versionGroupType = wrapper.xcdatamodel;
		};
/* End XCVersionGroup section */
	};
	rootObject = 4998126221F9D7B4000DB7B2 /* Project object */;
}
